
Microsoft Visual Studio Solution File, Format Version 12.00
# Visual Studio Version 16
VisualStudioVersion = 16.0.30621.155
MinimumVisualStudioVersion = 10.0.40219.1
Project("{FAE04EC0-301F-11D3-BF4B-00C04F79EFBC}") = "CalculatorUnitTesting", "CalculatorUnitTesting\CalculatorUnitTesting.csproj", "{49E86622-606A-4FE3-A90E-3CD5E88A19D0}"
EndProject
Project("{FAE04EC0-301F-11D3-BF4B-00C04F79EFBC}") = "UnitTestProject", "UnitTestProject\UnitTestProject.csproj", "{4281CF17-1C55-4A9D-9963-10111684CA72}"
EndProject
Global
	GlobalSection(SolutionConfigurationPlatforms) = preSolution
		Debug|Any CPU = Debug|Any CPU
		Release|Any CPU = Release|Any CPU
	EndGlobalSection
	GlobalSection(ProjectConfigurationPlatforms) = postSolution
		{49E86622-606A-4FE3-A90E-3CD5E88A19D0}.Debug|Any CPU.ActiveCfg = Debug|Any CPU
		{49E86622-606A-4FE3-A90E-3CD5E88A19D0}.Debug|Any CPU.Build.0 = Debug|Any CPU
		{49E86622-606A-4FE3-A90E-3CD5E88A19D0}.Release|Any CPU.ActiveCfg = Release|Any CPU
		{49E86622-606A-4FE3-A90E-3CD5E88A19D0}.Release|Any CPU.Build.0 = Release|Any CPU
		{4281CF17-1C55-4A9D-9963-10111684CA72}.Debug|Any CPU.ActiveCfg = Debug|Any CPU
		{4281CF17-1C55-4A9D-9963-10111684CA72}.Debug|Any CPU.Build.0 = Debug|Any CPU
		{4281CF17-1C55-4A9D-9963-10111684CA72}.Release|Any CPU.ActiveCfg = Release|Any CPU
		{4281CF17-1C55-4A9D-9963-10111684CA72}.Release|Any CPU.Build.0 = Release|Any CPU
	EndGlobalSection
	GlobalSection(SolutionProperties) = preSolution
		HideSolutionNode = FALSE
	EndGlobalSection
	GlobalSection(ExtensibilityGlobals) = postSolution
		SolutionGuid = {D01ED20A-52BD-4DE9-85A0-6961F5D7281E}
	EndGlobalSection
EndGlobal
